
Microsoft Visual Studio Solution File, Format Version 12.00
# Visual Studio 15
VisualStudioVersion = 15.0.28307.1082
MinimumVisualStudioVersion = 10.0.40219.1
Project("{FAE04EC0-301F-11D3-BF4B-00C04F79EFBC}") = "CustomerFrms", "Customers\CustomerFrms.csproj", "{FBB363F5-6FEC-4BB8-82B2-075FA659CED5}"
EndProject
Project("{FAE04EC0-301F-11D3-BF4B-00C04F79EFBC}") = "CustomerBL", "CustomerBL\CustomerBL.csproj", "{40F8598E-11A4-4BDB-83BF-D18FB2D1E471}"
EndProject
Global
	GlobalSection(SolutionConfigurationPlatforms) = preSolution
		Debug|Any CPU = Debug|Any CPU
		Release|Any CPU = Release|Any CPU
	EndGlobalSection
	GlobalSection(ProjectConfigurationPlatforms) = postSolution
		{FBB363F5-6FEC-4BB8-82B2-075FA659CED5}.Debug|Any CPU.ActiveCfg = Debug|Any CPU
		{FBB363F5-6FEC-4BB8-82B2-075FA659CED5}.Debug|Any CPU.Build.0 = Debug|Any CPU
		{FBB363F5-6FEC-4BB8-82B2-075FA659CED5}.Release|Any CPU.ActiveCfg = Release|Any CPU
		{FBB363F5-6FEC-4BB8-82B2-075FA659CED5}.Release|Any CPU.Build.0 = Release|Any CPU
		{40F8598E-11A4-4BDB-83BF-D18FB2D1E471}.Debug|Any CPU.ActiveCfg = Debug|Any CPU
		{40F8598E-11A4-4BDB-83BF-D18FB2D1E471}.Debug|Any CPU.Build.0 = Debug|Any CPU
		{40F8598E-11A4-4BDB-83BF-D18FB2D1E471}.Release|Any CPU.ActiveCfg = Release|Any CPU
		{40F8598E-11A4-4BDB-83BF-D18FB2D1E471}.Release|Any CPU.Build.0 = Release|Any CPU
	EndGlobalSection
	GlobalSection(SolutionProperties) = preSolution
		HideSolutionNode = FALSE
	EndGlobalSection
	GlobalSection(ExtensibilityGlobals) = postSolution
		SolutionGuid = {18522750-DD91-4A84-998A-6E292C56AEAD}
	EndGlobalSection
EndGlobal
